
Microsoft Visual Studio Solution File, Format Version 12.00
# Visual Studio Version 16
VisualStudioVersion = 16.0.31402.337
MinimumVisualStudioVersion = 10.0.40219.1
Project("{FAE04EC0-301F-11D3-BF4B-00C04F79EFBC}") = "Air Quality", "Air Quality.csproj", "{6B9229FC-3223-45BB-8297-E39BA771994B}"
EndProject
Global
	GlobalSection(SolutionConfigurationPlatforms) = preSolution
		Debug|Any CPU = Debug|Any CPU
		Debug|x64 = Debug|x64
		Debug|x84 = Debug|x84
		Release|Any CPU = Release|Any CPU
		Release|x64 = Release|x64
		Release|x84 = Release|x84
	EndGlobalSection
	GlobalSection(ProjectConfigurationPlatforms) = postSolution
		{6B9229FC-3223-45BB-8297-E39BA771994B}.Debug|Any CPU.ActiveCfg = Debug|Any CPU
		{6B9229FC-3223-45BB-8297-E39BA771994B}.Debug|Any CPU.Build.0 = Debug|Any CPU
		{6B9229FC-3223-45BB-8297-E39BA771994B}.Debug|x64.ActiveCfg = Debug|x64
		{6B9229FC-3223-45BB-8297-E39BA771994B}.Debug|x64.Build.0 = Debug|x64
		{6B9229FC-3223-45BB-8297-E39BA771994B}.Debug|x84.ActiveCfg = Debug|Any CPU
		{6B9229FC-3223-45BB-8297-E39BA771994B}.Debug|x84.Build.0 = Debug|Any CPU
		{6B9229FC-3223-45BB-8297-E39BA771994B}.Release|Any CPU.ActiveCfg = Release|Any CPU
		{6B9229FC-3223-45BB-8297-E39BA771994B}.Release|Any CPU.Build.0 = Release|Any CPU
		{6B9229FC-3223-45BB-8297-E39BA771994B}.Release|x64.ActiveCfg = Release|x64
		{6B9229FC-3223-45BB-8297-E39BA771994B}.Release|x84.ActiveCfg = Release|Any CPU
		{6B9229FC-3223-45BB-8297-E39BA771994B}.Release|x84.Build.0 = Release|Any CPU
	EndGlobalSection
	GlobalSection(SolutionProperties) = preSolution
		HideSolutionNode = FALSE
	EndGlobalSection
	GlobalSection(ExtensibilityGlobals) = postSolution
		SolutionGuid = {B76AE23C-9AAA-4008-976E-A8D731F99EB1}
	EndGlobalSection
EndGlobal
